{
  "current_commit": "2b8e0578255a58f67da49150c7c46a0fb215c1be",
  "working_tree_dirty": true,
  "generated_at": "2026-08-09T18:30:30Z",
  "scanned_scope": [
    "."
  ],
  "excluded_directories": [
    ".cache",
    ".git",
    ".hg",
    ".next",
    ".nuxt",
    ".scratch",
    ".svn",
    ".turbo",
    ".venv",
    "__pycache__",
    "build",
    "coverage",
    "dist",
    "docs/codemap",
    "generated",
    "node_modules",
    "out",
    "target",
    "vendor",
    "venv"
  ],
  "fingerprint_algorithm": "sha256-path-content-v1",
  "modules": [
    {
      "id": ".",
      "path": ".",
      "file_count": 10,
      "fingerprint": "23f9d5d44f5a7b399e2c5ce6e021326abafdd7f45a9b3f4472ec51d31f869433"
    },
    {
      "id": ".github",
      "path": ".github",
      "file_count": 3,
      "fingerprint": "0202b3d3c6ecf9c4a282da89e611cd52acfd09d92d7bca392a761ddae84a8969"
    },
    {
      "id": ".vscode",
      "path": ".vscode",
      "file_count": 1,
      "fingerprint": "b826b7283e2c07d6fa440fd954531938c9526632f1dd2fc6962c71b18d9bc44a"
    },
    {
      "id": "assets",
      "path": "assets",
      "file_count": 1,
      "fingerprint": "4ebd6fe395b837d3a34d70d5e580fa9683e65337727f0c3bd8e96d030badb533"
    },
    {
      "id": "docs",
      "path": "docs",
      "file_count": 37,
      "fingerprint": "3c3a6f3b186de2275e49ef2c144910e4df284b24e4955ff53e1aa96c733030c1"
    },
    {
      "id": "plans",
      "path": "plans",
      "file_count": 1,
      "fingerprint": "e75863a4fcb1c8fc619c7ef6efceeff5ede5a44743dd36d69d20d3c099b7f44e"
    },
    {
      "id": "scripts",
      "path": "scripts",
      "file_count": 8,
      "fingerprint": "a619f41e4fdd8d3b89da555caf7eeb2f105dead455fa58ff1abb10bdeb94f10b"
    },
    {
      "id": "src",
      "path": "src",
      "file_count": 216,
      "fingerprint": "82fbf243210a846c4f605d5c1f306393acd50590e7b99efd5db572837c592bad"
    },
    {
      "id": "tests",
      "path": "tests",
      "file_count": 70,
      "fingerprint": "0a5c7a1f76c5cf31987420c5c8ab6415ad3f579f65151fd561d842c83aa73747"
    }
  ]
}
