<Solution>
  <Folder Name="/src/">
    <Project Path="src/IconReplacer.AppModel/IconReplacer.AppModel.csproj" />
    <Project Path="src/IconReplacer.App/IconReplacer.App.csproj" />
    <Project Path="src/IconReplacer.Cli/IconReplacer.Cli.csproj" />
    <Project Path="src/IconReplacer.Core/IconReplacer.Core.csproj" />
  </Folder>
  <Folder Name="/tests/">
    <Project Path="tests/IconReplacer.Core.Tests/IconReplacer.Core.Tests.csproj" />
  </Folder>
</Solution>
