{
  "version": 1,
  "dependencies": {
    "net10.0-windows10.0.26100": {
      "iconreplacer.appmodel": {
        "type": "Project",
        "dependencies": {
          "IconReplacer.Core": "[1.0.0, )"
        }
      },
      "iconreplacer.core": {
        "type": "Project"
      }
    },
    "net10.0-windows10.0.26100/win-x64": {}
  }
}